
Microsoft Visual Studio Solution File, Format Version 12.00
# Visual Studio Version 17
VisualStudioVersion = 17.8.34511.84
MinimumVisualStudioVersion = 10.0.40219.1
Project("{9A19103F-16F7-4668-BE54-9A1E7A4F7556}") = "RGB Keyboard Standalone", "RGB Keyboard Standalone.csproj", "{F2446903-0EC6-47B4-BA4A-E108DA170AE6}"
EndProject
Global
	GlobalSection(SolutionConfigurationPlatforms) = preSolution
		Debug|Any CPU = Debug|Any CPU
		Release|Any CPU = Release|Any CPU
	EndGlobalSection
	GlobalSection(ProjectConfigurationPlatforms) = postSolution
		{F2446903-0EC6-47B4-BA4A-E108DA170AE6}.Debug|Any CPU.ActiveCfg = Debug|Any CPU
		{F2446903-0EC6-47B4-BA4A-E108DA170AE6}.Debug|Any CPU.Build.0 = Debug|Any CPU
		{F2446903-0EC6-47B4-BA4A-E108DA170AE6}.Release|Any CPU.ActiveCfg = Release|Any CPU
		{F2446903-0EC6-47B4-BA4A-E108DA170AE6}.Release|Any CPU.Build.0 = Release|Any CPU
	EndGlobalSection
	GlobalSection(SolutionProperties) = preSolution
		HideSolutionNode = FALSE
	EndGlobalSection
	GlobalSection(ExtensibilityGlobals) = postSolution
		SolutionGuid = {108D1E80-E2EA-48A0-9E73-D173CCD82FD5}
	EndGlobalSection
EndGlobal
